{
    "_readme": [
        "This file locks the dependencies of your project to a known state",
        "Read more about it at https://getcomposer.org/doc/01-basic-usage.md#installing-dependencies",
        "This file is @generated automatically"
    ],
    "content-hash": "72de17d61db7db6f8a5e149ffec1b9b1",
    "packages": [
        {
            "name": "syntexa/module-api",
            "version": "dev-master",
            "dist": {
                "type": "path",
                "url": "./packages/syntexa/api",
                "reference": "2f590fd2eb92c4be737e5eeced2485f34bd88700"
            },
            "require": {
                "php": "^8.4"
            },
            "type": "syntexa-module",
            "extra": {
                "syntexa-module": {
                    "name": "api",
                    "description": "API utilities and helpers"
                }
            },
            "autoload": {
                "psr-4": {
                    "Syntexa\\ApiModule\\": "src/"
                }
            },
            "license": [
                "MIT"
            ],
            "authors": [
                {
                    "name": "Taras",
                    "email": "taras@example.com"
                }
            ],
            "description": "API utilities module for Syntexa Framework",
            "transport-options": {
                "relative": true
            }
        },
        {
            "name": "syntexa/module-auth",
            "version": "dev-master",
            "dist": {
                "type": "path",
                "url": "./packages/syntexa/auth",
                "reference": "cf53dd31a90dc25b2f9d29751b284ed9b96a32b0"
            },
            "require": {
                "php": "^8.4"
            },
            "type": "syntexa-module",
            "extra": {
                "syntexa-module": {
                    "name": "auth",
                    "description": "Authentication functionality"
                }
            },
            "autoload": {
                "psr-4": {
                    "Syntexa\\AuthModule\\": "src/"
                }
            },
            "license": [
                "MIT"
            ],
            "authors": [
                {
                    "name": "Taras",
                    "email": "taras@example.com"
                }
            ],
            "description": "Authentication module for Syntexa Framework",
            "transport-options": {
                "relative": true
            }
        },
        {
            "name": "syntexa/module-user",
            "version": "dev-master",
            "dist": {
                "type": "path",
                "url": "./packages/syntexa/user",
                "reference": "2c3bf24437d8c617a08ba41fb002125cb4094ff9"
            },
            "require": {
                "php": "^8.4"
            },
            "type": "syntexa-module",
            "extra": {
                "syntexa-module": {
                    "name": "user",
                    "description": "User management functionality"
                }
            },
            "autoload": {
                "psr-4": {
                    "Syntexa\\User\\": "src/"
                }
            },
            "license": [
                "MIT"
            ],
            "authors": [
                {
                    "name": "Taras",
                    "email": "taras@example.com"
                }
            ],
            "description": "User management module for Syntexa Framework",
            "transport-options": {
                "relative": true
            }
        }
    ],
    "packages-dev": [],
    "aliases": [],
    "minimum-stability": "dev",
    "stability-flags": {},
    "prefer-stable": true,
    "prefer-lowest": false,
    "platform": {
        "php": "^8.4"
    },
    "platform-dev": {},
    "plugin-api-version": "2.6.0"
}
